{
    "name": "builder",
    "version": "1.0.0",
    "lockfileVersion": 3,
    "requires": true,
    "packages": {
        "": {
            "name": "builder",
            "version": "1.0.0",
            "license": "MIT",
            "devDependencies": {
                "@types/node": "^20.11.10",
                "svgo": "^3.2.0",
                "ts-node": "^10.9.2"
            }
        },
        "node_modules/@cspotcode/source-map-support": {
            "version": "0.8.1",
            "resolved": "https://registry.npmjs.org/@cspotcode/source-map-support/-/source-map-support-0.8.1.tgz",
            "integrity": "sha512-IchNf6dN4tHoMFIn/7OE8LWZ19Y6q/67Bmf6vnGREv8RSbBVb9LPJxEcnwrcwX6ixSvaiGoomAUvu4YSxXrVgw==",
            "dev": true,
            "dependencies": {
                "@jridgewell/trace-mapping": "0.3.9"
            },
            "engines": {
                "node": ">=12"
            }
        },
        "node_modules/@jridgewell/resolve-uri": {
            "version": "3.1.1",
            "resolved": "https://registry.npmjs.org/@jridgewell/resolve-uri/-/resolve-uri-3.1.1.tgz",
            "integrity": "sha512-dSYZh7HhCDtCKm4QakX0xFpsRDqjjtZf/kjI/v3T3Nwt5r8/qz/M19F9ySyOqU94SXBmeG9ttTul+YnR4LOxFA==",
            "dev": true,
            "engines": {
                "node": ">=6.0.0"
            }
        },
        "node_modules/@jridgewell/sourcemap-codec": {
            "version": "1.4.15",
            "resolved": "https://registry.npmjs.org/@jridgewell/sourcemap-codec/-/sourcemap-codec-1.4.15.tgz",
            "integrity": "sha512-eF2rxCRulEKXHTRiDrDy6erMYWqNw4LPdQ8UQA4huuxaQsVeRPFl2oM8oDGxMFhJUWZf9McpLtJasDDZb/Bpeg==",
            "dev": true
        },
        "node_modules/@jridgewell/trace-mapping": {
            "version": "0.3.9",
            "resolved": "https://registry.npmjs.org/@jridgewell/trace-mapping/-/trace-mapping-0.3.9.tgz",
            "integrity": "sha512-3Belt6tdc8bPgAtbcmdtNJlirVoTmEb5e2gC94PnkwEW9jI6CAHUeoG85tjWP5WquqfavoMtMwiG4P926ZKKuQ==",
            "dev": true,
            "dependencies": {
                "@jridgewell/resolve-uri": "^3.0.3",
                "@jridgewell/sourcemap-codec": "^1.4.10"
            }
        },
        "node_modules/@trysound/sax": {
            "version": "0.2.0",
            "resolved": "https://registry.npmjs.org/@trysound/sax/-/sax-0.2.0.tgz",
            "integrity": "sha512-L7z9BgrNEcYyUYtF+HaEfiS5ebkh9jXqbszz7pC0hRBPaatV0XjSD3+eHrpqFemQfgwiFF0QPIarnIihIDn7OA==",
            "dev": true,
            "engines": {
                "node": ">=10.13.0"
            }
        },
        "node_modules/@tsconfig/node10": {
            "version": "1.0.9",
            "resolved": "https://registry.npmjs.org/@tsconfig/node10/-/node10-1.0.9.tgz",
            "integrity": "sha512-jNsYVVxU8v5g43Erja32laIDHXeoNvFEpX33OK4d6hljo3jDhCBDhx5dhCCTMWUojscpAagGiRkBKxpdl9fxqA==",
            "dev": true
        },
        "node_modules/@tsconfig/node12": {
            "version": "1.0.11",
            "resolved": "https://registry.npmjs.org/@tsconfig/node12/-/node12-1.0.11.tgz",
            "integrity": "sha512-cqefuRsh12pWyGsIoBKJA9luFu3mRxCA+ORZvA4ktLSzIuCUtWVxGIuXigEwO5/ywWFMZ2QEGKWvkZG1zDMTag==",
            "dev": true
        },
        "node_modules/@tsconfig/node14": {
            "version": "1.0.3",
            "resolved": "https://registry.npmjs.org/@tsconfig/node14/-/node14-1.0.3.tgz",
            "integrity": "sha512-ysT8mhdixWK6Hw3i1V2AeRqZ5WfXg1G43mqoYlM2nc6388Fq5jcXyr5mRsqViLx/GJYdoL0bfXD8nmF+Zn/Iow==",
            "dev": true
        },
        "node_modules/@tsconfig/node16": {
            "version": "1.0.4",
            "resolved": "https://registry.npmjs.org/@tsconfig/node16/-/node16-1.0.4.tgz",
            "integrity": "sha512-vxhUy4J8lyeyinH7Azl1pdd43GJhZH/tP2weN8TntQblOY+A0XbT8DJk1/oCPuOOyg/Ja757rG0CgHcWC8OfMA==",
            "dev": true
        },
        "node_modules/@types/node": {
            "version": "20.11.10",
            "resolved": "https://registry.npmjs.org/@types/node/-/node-20.11.10.tgz",
            "integrity": "sha512-rZEfe/hJSGYmdfX9tvcPMYeYPW2sNl50nsw4jZmRcaG0HIAb0WYEpsB05GOb53vjqpyE9GUhlDQ4jLSoB5q9kg==",
            "dev": true,
            "dependencies": {
                "undici-types": "~5.26.4"
            }
        },
        "node_modules/acorn": {
            "version": "8.11.3",
            "resolved": "https://registry.npmjs.org/acorn/-/acorn-8.11.3.tgz",
            "integrity": "sha512-Y9rRfJG5jcKOE0CLisYbojUjIrIEE7AGMzA/Sm4BslANhbS+cDMpgBdcPT91oJ7OuJ9hYJBx59RjbhxVnrF8Xg==",
            "dev": true,
            "bin": {
                "acorn": "bin/acorn"
            },
            "engines": {
                "node": ">=0.4.0"
            }
        },
        "node_modules/acorn-walk": {
            "version": "8.3.2",
            "resolved": "https://registry.npmjs.org/acorn-walk/-/acorn-walk-8.3.2.tgz",
            "integrity": "sha512-cjkyv4OtNCIeqhHrfS81QWXoCBPExR/J62oyEqepVw8WaQeSqpW2uhuLPh1m9eWhDuOo/jUXVTlifvesOWp/4A==",
            "dev": true,
            "engines": {
                "node": ">=0.4.0"
            }
        },
        "node_modules/arg": {
            "version": "4.1.3",
            "resolved": "https://registry.npmjs.org/arg/-/arg-4.1.3.tgz",
            "integrity": "sha512-58S9QDqG0Xx27YwPSt9fJxivjYl432YCwfDMfZ+71RAqUrZef7LrKQZ3LHLOwCS4FLNBplP533Zx895SeOCHvA==",
            "dev": true
        },
        "node_modules/boolbase": {
            "version": "1.0.0",
            "resolved": "https://registry.npmjs.org/boolbase/-/boolbase-1.0.0.tgz",
            "integrity": "sha512-JZOSA7Mo9sNGB8+UjSgzdLtokWAky1zbztM3WRLCbZ70/3cTANmQmOdR7y2g+J0e2WXywy1yS468tY+IruqEww==",
            "dev": true
        },
        "node_modules/commander": {
            "version": "7.2.0",
            "resolved": "https://registry.npmjs.org/commander/-/commander-7.2.0.tgz",
            "integrity": "sha512-QrWXB+ZQSVPmIWIhtEO9H+gwHaMGYiF5ChvoJ+K9ZGHG/sVsa6yiesAD1GC/x46sET00Xlwo1u49RVVVzvcSkw==",
            "dev": true,
            "engines": {
                "node": ">= 10"
            }
        },
        "node_modules/create-require": {
            "version": "1.1.1",
            "resolved": "https://registry.npmjs.org/create-require/-/create-require-1.1.1.tgz",
            "integrity": "sha512-dcKFX3jn0MpIaXjisoRvexIJVEKzaq7z2rZKxf+MSr9TkdmHmsU4m2lcLojrj/FHl8mk5VxMmYA+ftRkP/3oKQ==",
            "dev": true
        },
        "node_modules/css-select": {
            "version": "5.1.0",
            "resolved": "https://registry.npmjs.org/css-select/-/css-select-5.1.0.tgz",
            "integrity": "sha512-nwoRF1rvRRnnCqqY7updORDsuqKzqYJ28+oSMaJMMgOauh3fvwHqMS7EZpIPqK8GL+g9mKxF1vP/ZjSeNjEVHg==",
            "dev": true,
            "dependencies": {
                "boolbase": "^1.0.0",
                "css-what": "^6.1.0",
                "domhandler": "^5.0.2",
                "domutils": "^3.0.1",
                "nth-check": "^2.0.1"
            },
            "funding": {
                "url": "https://github.com/sponsors/fb55"
            }
        },
        "node_modules/css-tree": {
            "version": "2.3.1",
            "resolved": "https://registry.npmjs.org/css-tree/-/css-tree-2.3.1.tgz",
            "integrity": "sha512-6Fv1DV/TYw//QF5IzQdqsNDjx/wc8TrMBZsqjL9eW01tWb7R7k/mq+/VXfJCl7SoD5emsJop9cOByJZfs8hYIw==",
            "dev": true,
            "dependencies": {
                "mdn-data": "2.0.30",
                "source-map-js": "^1.0.1"
            },
            "engines": {
                "node": "^10 || ^12.20.0 || ^14.13.0 || >=15.0.0"
            }
        },
        "node_modules/css-what": {
            "version": "6.1.0",
            "resolved": "https://registry.npmjs.org/css-what/-/css-what-6.1.0.tgz",
            "integrity": "sha512-HTUrgRJ7r4dsZKU6GjmpfRK1O76h97Z8MfS1G0FozR+oF2kG6Vfe8JE6zwrkbxigziPHinCJ+gCPjA9EaBDtRw==",
            "dev": true,
            "engines": {
                "node": ">= 6"
            },
            "funding": {
                "url": "https://github.com/sponsors/fb55"
            }
        },
        "node_modules/csso": {
            "version": "5.0.5",
            "resolved": "https://registry.npmjs.org/csso/-/csso-5.0.5.tgz",
            "integrity": "sha512-0LrrStPOdJj+SPCCrGhzryycLjwcgUSHBtxNA8aIDxf0GLsRh1cKYhB00Gd1lDOS4yGH69+SNn13+TWbVHETFQ==",
            "dev": true,
            "dependencies": {
                "css-tree": "~2.2.0"
            },
            "engines": {
                "node": "^10 || ^12.20.0 || ^14.13.0 || >=15.0.0",
                "npm": ">=7.0.0"
            }
        },
        "node_modules/csso/node_modules/css-tree": {
            "version": "2.2.1",
            "resolved": "https://registry.npmjs.org/css-tree/-/css-tree-2.2.1.tgz",
            "integrity": "sha512-OA0mILzGc1kCOCSJerOeqDxDQ4HOh+G8NbOJFOTgOCzpw7fCBubk0fEyxp8AgOL/jvLgYA/uV0cMbe43ElF1JA==",
            "dev": true,
            "dependencies": {
                "mdn-data": "2.0.28",
                "source-map-js": "^1.0.1"
            },
            "engines": {
                "node": "^10 || ^12.20.0 || ^14.13.0 || >=15.0.0",
                "npm": ">=7.0.0"
            }
        },
        "node_modules/csso/node_modules/mdn-data": {
            "version": "2.0.28",
            "resolved": "https://registry.npmjs.org/mdn-data/-/mdn-data-2.0.28.tgz",
            "integrity": "sha512-aylIc7Z9y4yzHYAJNuESG3hfhC+0Ibp/MAMiaOZgNv4pmEdFyfZhhhny4MNiAfWdBQ1RQ2mfDWmM1x8SvGyp8g==",
            "dev": true
        },
        "node_modules/diff": {
            "version": "4.0.2",
            "resolved": "https://registry.npmjs.org/diff/-/diff-4.0.2.tgz",
            "integrity": "sha512-58lmxKSA4BNyLz+HHMUzlOEpg09FV+ev6ZMe3vJihgdxzgcwZ8VoEEPmALCZG9LmqfVoNMMKpttIYTVG6uDY7A==",
            "dev": true,
            "engines": {
                "node": ">=0.3.1"
            }
        },
        "node_modules/dom-serializer": {
            "version": "2.0.0",
            "resolved": "https://registry.npmjs.org/dom-serializer/-/dom-serializer-2.0.0.tgz",
            "integrity": "sha512-wIkAryiqt/nV5EQKqQpo3SToSOV9J0DnbJqwK7Wv/Trc92zIAYZ4FlMu+JPFW1DfGFt81ZTCGgDEabffXeLyJg==",
            "dev": true,
            "dependencies": {
                "domelementtype": "^2.3.0",
                "domhandler": "^5.0.2",
                "entities": "^4.2.0"
            },
            "funding": {
                "url": "https://github.com/cheeriojs/dom-serializer?sponsor=1"
            }
        },
        "node_modules/domelementtype": {
            "version": "2.3.0",
            "resolved": "https://registry.npmjs.org/domelementtype/-/domelementtype-2.3.0.tgz",
            "integrity": "sha512-OLETBj6w0OsagBwdXnPdN0cnMfF9opN69co+7ZrbfPGrdpPVNBUj02spi6B1N7wChLQiPn4CSH/zJvXw56gmHw==",
            "dev": true,
            "funding": [
                {
                    "type": "github",
                    "url": "https://github.com/sponsors/fb55"
                }
            ]
        },
        "node_modules/domhandler": {
            "version": "5.0.3",
            "resolved": "https://registry.npmjs.org/domhandler/-/domhandler-5.0.3.tgz",
            "integrity": "sha512-cgwlv/1iFQiFnU96XXgROh8xTeetsnJiDsTc7TYCLFd9+/WNkIqPTxiM/8pSd8VIrhXGTf1Ny1q1hquVqDJB5w==",
            "dev": true,
            "dependencies": {
                "domelementtype": "^2.3.0"
            },
            "engines": {
                "node": ">= 4"
            },
            "funding": {
                "url": "https://github.com/fb55/domhandler?sponsor=1"
            }
        },
        "node_modules/domutils": {
            "version": "3.1.0",
            "resolved": "https://registry.npmjs.org/domutils/-/domutils-3.1.0.tgz",
            "integrity": "sha512-H78uMmQtI2AhgDJjWeQmHwJJ2bLPD3GMmO7Zja/ZZh84wkm+4ut+IUnUdRa8uCGX88DiVx1j6FRe1XfxEgjEZA==",
            "dev": true,
            "dependencies": {
                "dom-serializer": "^2.0.0",
                "domelementtype": "^2.3.0",
                "domhandler": "^5.0.3"
            },
            "funding": {
                "url": "https://github.com/fb55/domutils?sponsor=1"
            }
        },
        "node_modules/entities": {
            "version": "4.5.0",
            "resolved": "https://registry.npmjs.org/entities/-/entities-4.5.0.tgz",
            "integrity": "sha512-V0hjH4dGPh9Ao5p0MoRY6BVqtwCjhz6vI5LT8AJ55H+4g9/4vbHx1I54fS0XuclLhDHArPQCiMjDxjaL8fPxhw==",
            "dev": true,
            "engines": {
                "node": ">=0.12"
            },
            "funding": {
                "url": "https://github.com/fb55/entities?sponsor=1"
            }
        },
        "node_modules/make-error": {
            "version": "1.3.6",
            "resolved": "https://registry.npmjs.org/make-error/-/make-error-1.3.6.tgz",
            "integrity": "sha512-s8UhlNe7vPKomQhC1qFelMokr/Sc3AgNbso3n74mVPA5LTZwkB9NlXf4XPamLxJE8h0gh73rM94xvwRT2CVInw==",
            "dev": true
        },
        "node_modules/mdn-data": {
            "version": "2.0.30",
            "resolved": "https://registry.npmjs.org/mdn-data/-/mdn-data-2.0.30.tgz",
            "integrity": "sha512-GaqWWShW4kv/G9IEucWScBx9G1/vsFZZJUO+tD26M8J8z3Kw5RDQjaoZe03YAClgeS/SWPOcb4nkFBTEi5DUEA==",
            "dev": true
        },
        "node_modules/nth-check": {
            "version": "2.1.1",
            "resolved": "https://registry.npmjs.org/nth-check/-/nth-check-2.1.1.tgz",
            "integrity": "sha512-lqjrjmaOoAnWfMmBPL+XNnynZh2+swxiX3WUE0s4yEHI6m+AwrK2UZOimIRl3X/4QctVqS8AiZjFqyOGrMXb/w==",
            "dev": true,
            "dependencies": {
                "boolbase": "^1.0.0"
            },
            "funding": {
                "url": "https://github.com/fb55/nth-check?sponsor=1"
            }
        },
        "node_modules/picocolors": {
            "version": "1.0.0",
            "resolved": "https://registry.npmjs.org/picocolors/-/picocolors-1.0.0.tgz",
            "integrity": "sha512-1fygroTLlHu66zi26VoTDv8yRgm0Fccecssto+MhsZ0D/DGW2sm8E8AjW7NU5VVTRt5GxbeZ5qBuJr+HyLYkjQ==",
            "dev": true
        },
        "node_modules/source-map-js": {
            "version": "1.0.2",
            "resolved": "https://registry.npmjs.org/source-map-js/-/source-map-js-1.0.2.tgz",
            "integrity": "sha512-R0XvVJ9WusLiqTCEiGCmICCMplcCkIwwR11mOSD9CR5u+IXYdiseeEuXCVAjS54zqwkLcPNnmU4OeJ6tUrWhDw==",
            "dev": true,
            "engines": {
                "node": ">=0.10.0"
            }
        },
        "node_modules/svgo": {
            "version": "3.2.0",
            "resolved": "https://registry.npmjs.org/svgo/-/svgo-3.2.0.tgz",
            "integrity": "sha512-4PP6CMW/V7l/GmKRKzsLR8xxjdHTV4IMvhTnpuHwwBazSIlw5W/5SmPjN8Dwyt7lKbSJrRDgp4t9ph0HgChFBQ==",
            "dev": true,
            "dependencies": {
                "@trysound/sax": "0.2.0",
                "commander": "^7.2.0",
                "css-select": "^5.1.0",
                "css-tree": "^2.3.1",
                "css-what": "^6.1.0",
                "csso": "^5.0.5",
                "picocolors": "^1.0.0"
            },
            "bin": {
                "svgo": "bin/svgo"
            },
            "engines": {
                "node": ">=14.0.0"
            },
            "funding": {
                "type": "opencollective",
                "url": "https://opencollective.com/svgo"
            }
        },
        "node_modules/ts-node": {
            "version": "10.9.2",
            "resolved": "https://registry.npmjs.org/ts-node/-/ts-node-10.9.2.tgz",
            "integrity": "sha512-f0FFpIdcHgn8zcPSbf1dRevwt047YMnaiJM3u2w2RewrB+fob/zePZcrOyQoLMMO7aBIddLcQIEK5dYjkLnGrQ==",
            "dev": true,
            "dependencies": {
                "@cspotcode/source-map-support": "^0.8.0",
                "@tsconfig/node10": "^1.0.7",
                "@tsconfig/node12": "^1.0.7",
                "@tsconfig/node14": "^1.0.0",
                "@tsconfig/node16": "^1.0.2",
                "acorn": "^8.4.1",
                "acorn-walk": "^8.1.1",
                "arg": "^4.1.0",
                "create-require": "^1.1.0",
                "diff": "^4.0.1",
                "make-error": "^1.1.1",
                "v8-compile-cache-lib": "^3.0.1",
                "yn": "3.1.1"
            },
            "bin": {
                "ts-node": "dist/bin.js",
                "ts-node-cwd": "dist/bin-cwd.js",
                "ts-node-esm": "dist/bin-esm.js",
                "ts-node-script": "dist/bin-script.js",
                "ts-node-transpile-only": "dist/bin-transpile.js",
                "ts-script": "dist/bin-script-deprecated.js"
            },
            "peerDependencies": {
                "@swc/core": ">=1.2.50",
                "@swc/wasm": ">=1.2.50",
                "@types/node": "*",
                "typescript": ">=2.7"
            },
            "peerDependenciesMeta": {
                "@swc/core": {
                    "optional": true
                },
                "@swc/wasm": {
                    "optional": true
                }
            }
        },
        "node_modules/typescript": {
            "version": "5.3.3",
            "resolved": "https://registry.npmjs.org/typescript/-/typescript-5.3.3.tgz",
            "integrity": "sha512-pXWcraxM0uxAS+tN0AG/BF2TyqmHO014Z070UsJ+pFvYuRSq8KH8DmWpnbXe0pEPDHXZV3FcAbJkijJ5oNEnWw==",
            "dev": true,
            "peer": true,
            "bin": {
                "tsc": "bin/tsc",
                "tsserver": "bin/tsserver"
            },
            "engines": {
                "node": ">=14.17"
            }
        },
        "node_modules/undici-types": {
            "version": "5.26.5",
            "resolved": "https://registry.npmjs.org/undici-types/-/undici-types-5.26.5.tgz",
            "integrity": "sha512-JlCMO+ehdEIKqlFxk6IfVoAUVmgz7cU7zD/h9XZ0qzeosSHmUJVOzSQvvYSYWXkFXC+IfLKSIffhv0sVZup6pA==",
            "dev": true
        },
        "node_modules/v8-compile-cache-lib": {
            "version": "3.0.1",
            "resolved": "https://registry.npmjs.org/v8-compile-cache-lib/-/v8-compile-cache-lib-3.0.1.tgz",
            "integrity": "sha512-wa7YjyUGfNZngI/vtK0UHAN+lgDCxBPCylVXGp0zu59Fz5aiGtNXaq3DhIov063MorB+VfufLh3JlF2KdTK3xg==",
            "dev": true
        },
        "node_modules/yn": {
            "version": "3.1.1",
            "resolved": "https://registry.npmjs.org/yn/-/yn-3.1.1.tgz",
            "integrity": "sha512-Ux4ygGWsu2c7isFWe8Yu1YluJmqVhxqK2cLXNQA5AcC3QfbGNpM7fu0Y8b/z16pXLnFxZYvWhd3fhBY9DLmC6Q==",
            "dev": true,
            "engines": {
                "node": ">=6"
            }
        }
    }
}
